
Microsoft Visual Studio Solution File, Format Version 12.00
# Visual Studio 15
VisualStudioVersion = 15.0.28010.0
MinimumVisualStudioVersion = 10.0.40219.1
Project("{FAE04EC0-301F-11D3-BF4B-00C04F79EFBC}") = "BankAdviser.WEB", "BankAdviser.WEB\BankAdviser.WEB.csproj", "{79C60295-3C38-46EA-9A91-9604C87A87AE}"
EndProject
Project("{FAE04EC0-301F-11D3-BF4B-00C04F79EFBC}") = "BankAdviser.DAL", "BankAdviser.DAL\BankAdviser.DAL.csproj", "{6E25883A-87D1-4D34-81D5-79946F4B0977}"
EndProject
Project("{FAE04EC0-301F-11D3-BF4B-00C04F79EFBC}") = "BankAdviser.BLL", "BankAdviser.BLL\BankAdviser.BLL.csproj", "{590DCC27-A949-45DC-9385-EC2E25DB395D}"
EndProject
Project("{FAE04EC0-301F-11D3-BF4B-00C04F79EFBC}") = "BankAdviser.Bot", "BankAdviser.Bot\BankAdviser.Bot.csproj", "{58FFB6B5-8D7C-4C4D-9F21-4AD3B66067C4}"
EndProject
Global
	GlobalSection(SolutionConfigurationPlatforms) = preSolution
		Debug|Any CPU = Debug|Any CPU
		Release|Any CPU = Release|Any CPU
	EndGlobalSection
	GlobalSection(ProjectConfigurationPlatforms) = postSolution
		{79C60295-3C38-46EA-9A91-9604C87A87AE}.Debug|Any CPU.ActiveCfg = Debug|Any CPU
		{79C60295-3C38-46EA-9A91-9604C87A87AE}.Debug|Any CPU.Build.0 = Debug|Any CPU
		{79C60295-3C38-46EA-9A91-9604C87A87AE}.Release|Any CPU.ActiveCfg = Release|Any CPU
		{79C60295-3C38-46EA-9A91-9604C87A87AE}.Release|Any CPU.Build.0 = Release|Any CPU
		{6E25883A-87D1-4D34-81D5-79946F4B0977}.Debug|Any CPU.ActiveCfg = Debug|Any CPU
		{6E25883A-87D1-4D34-81D5-79946F4B0977}.Debug|Any CPU.Build.0 = Debug|Any CPU
		{6E25883A-87D1-4D34-81D5-79946F4B0977}.Release|Any CPU.ActiveCfg = Release|Any CPU
		{6E25883A-87D1-4D34-81D5-79946F4B0977}.Release|Any CPU.Build.0 = Release|Any CPU
		{590DCC27-A949-45DC-9385-EC2E25DB395D}.Debug|Any CPU.ActiveCfg = Debug|Any CPU
		{590DCC27-A949-45DC-9385-EC2E25DB395D}.Debug|Any CPU.Build.0 = Debug|Any CPU
		{590DCC27-A949-45DC-9385-EC2E25DB395D}.Release|Any CPU.ActiveCfg = Release|Any CPU
		{590DCC27-A949-45DC-9385-EC2E25DB395D}.Release|Any CPU.Build.0 = Release|Any CPU
		{58FFB6B5-8D7C-4C4D-9F21-4AD3B66067C4}.Debug|Any CPU.ActiveCfg = Debug|Any CPU
		{58FFB6B5-8D7C-4C4D-9F21-4AD3B66067C4}.Debug|Any CPU.Build.0 = Debug|Any CPU
		{58FFB6B5-8D7C-4C4D-9F21-4AD3B66067C4}.Release|Any CPU.ActiveCfg = Release|Any CPU
		{58FFB6B5-8D7C-4C4D-9F21-4AD3B66067C4}.Release|Any CPU.Build.0 = Release|Any CPU
	EndGlobalSection
	GlobalSection(SolutionProperties) = preSolution
		HideSolutionNode = FALSE
	EndGlobalSection
	GlobalSection(ExtensibilityGlobals) = postSolution
		SolutionGuid = {1E8921F7-D120-46BD-A544-CA143BC057F3}
	EndGlobalSection
EndGlobal
